
Microsoft Visual Studio Solution File, Format Version 12.00
# Visual Studio 2013
VisualStudioVersion = 12.0.30723.0
MinimumVisualStudioVersion = 10.0.40219.1
Project("{FAE04EC0-301F-11D3-BF4B-00C04F79EFBC}") = "ConfAsker.Core", "ConfAsker.Core\ConfAsker.Core.csproj", "{465B6EB7-3AB4-4E1A-A42C-D659B2BD1619}"
EndProject
Project("{FAE04EC0-301F-11D3-BF4B-00C04F79EFBC}") = "ConfAsker.Web", "ConfAsker.Web\ConfAsker.Web.csproj", "{BDDAD1A2-62CA-46AE-A625-31757027893D}"
EndProject
Project("{FAE04EC0-301F-11D3-BF4B-00C04F79EFBC}") = "ConfAsker.Tests", "ConfAsker.Tests\ConfAsker.Tests.csproj", "{C99F10FB-F74A-4A93-93AE-1CC9A058AE0E}"
EndProject
Global
	GlobalSection(SolutionConfigurationPlatforms) = preSolution
		Debug|Any CPU = Debug|Any CPU
		Release|Any CPU = Release|Any CPU
	EndGlobalSection
	GlobalSection(ProjectConfigurationPlatforms) = postSolution
		{465B6EB7-3AB4-4E1A-A42C-D659B2BD1619}.Debug|Any CPU.ActiveCfg = Debug|Any CPU
		{465B6EB7-3AB4-4E1A-A42C-D659B2BD1619}.Debug|Any CPU.Build.0 = Debug|Any CPU
		{465B6EB7-3AB4-4E1A-A42C-D659B2BD1619}.Release|Any CPU.ActiveCfg = Release|Any CPU
		{465B6EB7-3AB4-4E1A-A42C-D659B2BD1619}.Release|Any CPU.Build.0 = Release|Any CPU
		{BDDAD1A2-62CA-46AE-A625-31757027893D}.Debug|Any CPU.ActiveCfg = Debug|Any CPU
		{BDDAD1A2-62CA-46AE-A625-31757027893D}.Debug|Any CPU.Build.0 = Debug|Any CPU
		{BDDAD1A2-62CA-46AE-A625-31757027893D}.Release|Any CPU.ActiveCfg = Release|Any CPU
		{BDDAD1A2-62CA-46AE-A625-31757027893D}.Release|Any CPU.Build.0 = Release|Any CPU
		{C99F10FB-F74A-4A93-93AE-1CC9A058AE0E}.Debug|Any CPU.ActiveCfg = Debug|Any CPU
		{C99F10FB-F74A-4A93-93AE-1CC9A058AE0E}.Debug|Any CPU.Build.0 = Debug|Any CPU
		{C99F10FB-F74A-4A93-93AE-1CC9A058AE0E}.Release|Any CPU.ActiveCfg = Release|Any CPU
		{C99F10FB-F74A-4A93-93AE-1CC9A058AE0E}.Release|Any CPU.Build.0 = Release|Any CPU
	EndGlobalSection
	GlobalSection(SolutionProperties) = preSolution
		HideSolutionNode = FALSE
	EndGlobalSection
EndGlobal
